{
  "name": "@byjohnb/my-test-package",
  "version": "1.0.5",
  "lockfileVersion": 3,
  "requires": true,
  "packages": {
    "": {
      "name": "@byjohnb/my-test-package",
      "version": "1.0.5",
      "license": "MIT",
      "dependencies": {
        "@byjohnb/my-test-package": "^1.0.1"
      }
    },
    "node_modules/@byjohnb/my-test-package": {
      "version": "1.0.4",
      "resolved": "https://registry.npmjs.org/@byjohnb/my-test-package/-/my-test-package-1.0.4.tgz",
      "integrity": "sha512-sSn7FbGR+Bj5KOCMHMko5yy0j9V7VOea0sMfSEFPXQ5ZftSsaRA7hwZ/LJLsHJ5juVe8ADv/UjXn8FXwmmInSg==",
      "dependencies": {
        "@byjohnb/my-test-package": "^1.0.1"
      }
    }
  }
}
